Microsoft Visual Studio Solution File, Format Version 12.00
# Visual Studio Version 17
VisualStudioVersion = 17.5.2.0
MinimumVisualStudioVersion = 10.0.40219.1
Project("{FAE04EC0-301F-11D3-BF4B-00C04F79EFBC}") = "MultiplicationTable", "MultiplicationTable\MultiplicationTable.csproj", "{42BCA808-87A3-79A6-6EAF-00305C0987FD}"
EndProject
Global
	GlobalSection(SolutionConfigurationPlatforms) = preSolution
		Debug|Any CPU = Debug|Any CPU
		Release|Any CPU = Release|Any CPU
	EndGlobalSection
	GlobalSection(ProjectConfigurationPlatforms) = postSolution
		{42BCA808-87A3-79A6-6EAF-00305C0987FD}.Debug|Any CPU.ActiveCfg = Debug|Any CPU
		{42BCA808-87A3-79A6-6EAF-00305C0987FD}.Debug|Any CPU.Build.0 = Debug|Any CPU
		{42BCA808-87A3-79A6-6EAF-00305C0987FD}.Release|Any CPU.ActiveCfg = Release|Any CPU
		{42BCA808-87A3-79A6-6EAF-00305C0987FD}.Release|Any CPU.Build.0 = Release|Any CPU
	EndGlobalSection
	GlobalSection(SolutionProperties) = preSolution
		HideSolutionNode = FALSE
	EndGlobalSection
	GlobalSection(ExtensibilityGlobals) = postSolution
		SolutionGuid = {0D0D1D1B-203A-43D8-B9D5-2AFF37529A1F}
	EndGlobalSection
EndGlobal
